
Microsoft Visual Studio Solution File, Format Version 12.00
# Visual Studio Version 17
VisualStudioVersion = 17.5.33516.290
MinimumVisualStudioVersion = 10.0.40219.1
Project("{FAE04EC0-301F-11D3-BF4B-00C04F79EFBC}") = "8-home-work-1", "8-home-work\8-home-work-1.csproj", "{A93F3653-7DED-48BF-86FF-9A7311F0FBBE}"
EndProject
Global
	GlobalSection(SolutionConfigurationPlatforms) = preSolution
		Debug|Any CPU = Debug|Any CPU
		Release|Any CPU = Release|Any CPU
	EndGlobalSection
	GlobalSection(ProjectConfigurationPlatforms) = postSolution
		{A93F3653-7DED-48BF-86FF-9A7311F0FBBE}.Debug|Any CPU.ActiveCfg = Debug|Any CPU
		{A93F3653-7DED-48BF-86FF-9A7311F0FBBE}.Debug|Any CPU.Build.0 = Debug|Any CPU
		{A93F3653-7DED-48BF-86FF-9A7311F0FBBE}.Release|Any CPU.ActiveCfg = Release|Any CPU
		{A93F3653-7DED-48BF-86FF-9A7311F0FBBE}.Release|Any CPU.Build.0 = Release|Any CPU
	EndGlobalSection
	GlobalSection(SolutionProperties) = preSolution
		HideSolutionNode = FALSE
	EndGlobalSection
	GlobalSection(ExtensibilityGlobals) = postSolution
		SolutionGuid = {9AC805FD-A00C-4762-A5D4-81095665E08C}
	EndGlobalSection
EndGlobal
